
Microsoft Visual Studio Solution File, Format Version 12.00
# Visual Studio Version 16
VisualStudioVersion = 16.0.30204.135
MinimumVisualStudioVersion = 10.0.40219.1
Project("{FAE04EC0-301F-11D3-BF4B-00C04F79EFBC}") = "UI", "UI\UI.csproj", "{0C3EB1F2-2011-485C-BAC5-7F5964410595}"
EndProject
Project("{FAE04EC0-301F-11D3-BF4B-00C04F79EFBC}") = "DataAccess", "DataAccess\DataAccess.csproj", "{C8A6472C-F7F7-4CE8-8B44-1D1FF370392E}"
EndProject
Project("{FAE04EC0-301F-11D3-BF4B-00C04F79EFBC}") = "Domain", "Domain\Domain.csproj", "{B181A1B2-5EBE-4D15-A304-48FCDB237236}"
EndProject
Project("{FAE04EC0-301F-11D3-BF4B-00C04F79EFBC}") = "Common", "Common\Common.csproj", "{8B723640-B445-4A9D-8BE7-7EFB836240B9}"
EndProject
Global
	GlobalSection(SolutionConfigurationPlatforms) = preSolution
		Debug|Any CPU = Debug|Any CPU
		Release|Any CPU = Release|Any CPU
	EndGlobalSection
	GlobalSection(ProjectConfigurationPlatforms) = postSolution
		{0C3EB1F2-2011-485C-BAC5-7F5964410595}.Debug|Any CPU.ActiveCfg = Debug|Any CPU
		{0C3EB1F2-2011-485C-BAC5-7F5964410595}.Debug|Any CPU.Build.0 = Debug|Any CPU
		{0C3EB1F2-2011-485C-BAC5-7F5964410595}.Release|Any CPU.ActiveCfg = Release|Any CPU
		{0C3EB1F2-2011-485C-BAC5-7F5964410595}.Release|Any CPU.Build.0 = Release|Any CPU
		{C8A6472C-F7F7-4CE8-8B44-1D1FF370392E}.Debug|Any CPU.ActiveCfg = Debug|Any CPU
		{C8A6472C-F7F7-4CE8-8B44-1D1FF370392E}.Debug|Any CPU.Build.0 = Debug|Any CPU
		{C8A6472C-F7F7-4CE8-8B44-1D1FF370392E}.Release|Any CPU.ActiveCfg = Release|Any CPU
		{C8A6472C-F7F7-4CE8-8B44-1D1FF370392E}.Release|Any CPU.Build.0 = Release|Any CPU
		{B181A1B2-5EBE-4D15-A304-48FCDB237236}.Debug|Any CPU.ActiveCfg = Debug|Any CPU
		{B181A1B2-5EBE-4D15-A304-48FCDB237236}.Debug|Any CPU.Build.0 = Debug|Any CPU
		{B181A1B2-5EBE-4D15-A304-48FCDB237236}.Release|Any CPU.ActiveCfg = Release|Any CPU
		{B181A1B2-5EBE-4D15-A304-48FCDB237236}.Release|Any CPU.Build.0 = Release|Any CPU
		{8B723640-B445-4A9D-8BE7-7EFB836240B9}.Debug|Any CPU.ActiveCfg = Debug|Any CPU
		{8B723640-B445-4A9D-8BE7-7EFB836240B9}.Debug|Any CPU.Build.0 = Debug|Any CPU
		{8B723640-B445-4A9D-8BE7-7EFB836240B9}.Release|Any CPU.ActiveCfg = Release|Any CPU
		{8B723640-B445-4A9D-8BE7-7EFB836240B9}.Release|Any CPU.Build.0 = Release|Any CPU
	EndGlobalSection
	GlobalSection(SolutionProperties) = preSolution
		HideSolutionNode = FALSE
	EndGlobalSection
	GlobalSection(ExtensibilityGlobals) = postSolution
		SolutionGuid = {C511C312-F97B-4D1C-AA8E-552B2140A04A}
	EndGlobalSection
EndGlobal
